Microsoft Visual Studio Solution File, Format Version 12.00
# Visual Studio 15
VisualStudioVersion = 15.0.26403.7
MinimumVisualStudioVersion = 10.0.40219.1
Project("{FAE04EC0-301F-11D3-BF4B-00C04F79EFBC}") = "slnStartupProject", "vs2017\slnStartupProject\slnStartupProject.csproj", "{DC1C3B41-C7E2-41A6-AE51-75DCEE7E2927}"
EndProject
Project("{FAE04EC0-301F-11D3-BF4B-00C04F79EFBC}") = "slnStartupProjectLibrary", "vs2017\slnStartupProjectLibrary\slnStartupProjectLibrary.csproj", "{412D2B0E-7C81-424C-ADE0-4E7F7D6DA45E}"
EndProject
Project("{FAE04EC0-301F-11D3-BF4B-00C04F79EFBC}") = "slnStartupProjectUnitTest", "vs2017\slnStartupProjectUnitTest\slnStartupProjectUnitTest.csproj", "{2003A5E1-C1F2-4998-9CD3-0674220FCE56}"
EndProject
Global
	GlobalSection(SolutionConfigurationPlatforms) = preSolution
		Debug|Any CPU = Debug|Any CPU
		Release|Any CPU = Release|Any CPU
	EndGlobalSection
	GlobalSection(ProjectConfigurationPlatforms) = postSolution
		{DC1C3B41-C7E2-41A6-AE51-75DCEE7E2927}.Debug|Any CPU.ActiveCfg = Debug|Any CPU
		{DC1C3B41-C7E2-41A6-AE51-75DCEE7E2927}.Debug|Any CPU.Build.0 = Debug|Any CPU
		{DC1C3B41-C7E2-41A6-AE51-75DCEE7E2927}.Release|Any CPU.ActiveCfg = Release|Any CPU
		{DC1C3B41-C7E2-41A6-AE51-75DCEE7E2927}.Release|Any CPU.Build.0 = Release|Any CPU
		{412D2B0E-7C81-424C-ADE0-4E7F7D6DA45E}.Debug|Any CPU.ActiveCfg = Debug|Any CPU
		{412D2B0E-7C81-424C-ADE0-4E7F7D6DA45E}.Debug|Any CPU.Build.0 = Debug|Any CPU
		{412D2B0E-7C81-424C-ADE0-4E7F7D6DA45E}.Release|Any CPU.ActiveCfg = Release|Any CPU
		{412D2B0E-7C81-424C-ADE0-4E7F7D6DA45E}.Release|Any CPU.Build.0 = Release|Any CPU
		{2003A5E1-C1F2-4998-9CD3-0674220FCE56}.Debug|Any CPU.ActiveCfg = Debug|Any CPU
		{2003A5E1-C1F2-4998-9CD3-0674220FCE56}.Debug|Any CPU.Build.0 = Debug|Any CPU
		{2003A5E1-C1F2-4998-9CD3-0674220FCE56}.Release|Any CPU.ActiveCfg = Release|Any CPU
		{2003A5E1-C1F2-4998-9CD3-0674220FCE56}.Release|Any CPU.Build.0 = Release|Any CPU
	EndGlobalSection
	GlobalSection(SolutionProperties) = preSolution
		HideSolutionNode = FALSE
	EndGlobalSection
EndGlobal
